
Microsoft Visual Studio Solution File, Format Version 12.00
# Visual Studio Version 17
VisualStudioVersion = 17.8.34408.163
MinimumVisualStudioVersion = 10.0.40219.1
Project("{FAE04EC0-301F-11D3-BF4B-00C04F79EFBC}") = "jogodaforca", "jogodaforca\jogodaforca.csproj", "{AB89F65D-6BB5-462B-A626-443861E3D544}"
EndProject
Global
	GlobalSection(SolutionConfigurationPlatforms) = preSolution
		Debug|Any CPU = Debug|Any CPU
		Release|Any CPU = Release|Any CPU
	EndGlobalSection
	GlobalSection(ProjectConfigurationPlatforms) = postSolution
		{AB89F65D-6BB5-462B-A626-443861E3D544}.Debug|Any CPU.ActiveCfg = Debug|Any CPU
		{AB89F65D-6BB5-462B-A626-443861E3D544}.Debug|Any CPU.Build.0 = Debug|Any CPU
		{AB89F65D-6BB5-462B-A626-443861E3D544}.Release|Any CPU.ActiveCfg = Release|Any CPU
		{AB89F65D-6BB5-462B-A626-443861E3D544}.Release|Any CPU.Build.0 = Release|Any CPU
	EndGlobalSection
	GlobalSection(SolutionProperties) = preSolution
		HideSolutionNode = FALSE
	EndGlobalSection
	GlobalSection(ExtensibilityGlobals) = postSolution
		SolutionGuid = {B7979DB9-1B66-4E91-9499-C81ECFBDA3C6}
	EndGlobalSection
EndGlobal
